
Microsoft Visual Studio Solution File, Format Version 12.00
# Visual Studio 15
VisualStudioVersion = 15.0.27004.2009
MinimumVisualStudioVersion = 10.0.40219.1
Project("{FAE04EC0-301F-11D3-BF4B-00C04F79EFBC}") = "1.1 Multithreading and asynchronous processing", "1.1 Multithreading and asynchronous processing\1.1 Multithreading and asynchronous processing.csproj", "{178C2594-BEDF-459D-9979-7E9C3F462D60}"
EndProject
Project("{FAE04EC0-301F-11D3-BF4B-00C04F79EFBC}") = "1.2 Manage multithreading", "1.2 Manage multithreading\1.2 Manage multithreading.csproj", "{17B72AF0-CFC1-427F-B85E-1D030131D06E}"
EndProject
Project("{FAE04EC0-301F-11D3-BF4B-00C04F79EFBC}") = "1.3 Implement program flow", "1.3 Implement program flow\1.3 Implement program flow.csproj", "{3644D808-0A7F-42E8-B15A-8B0ED4E3C7D8}"
EndProject
Global
	GlobalSection(SolutionConfigurationPlatforms) = preSolution
		Debug|Any CPU = Debug|Any CPU
		Release|Any CPU = Release|Any CPU
	EndGlobalSection
	GlobalSection(ProjectConfigurationPlatforms) = postSolution
		{178C2594-BEDF-459D-9979-7E9C3F462D60}.Debug|Any CPU.ActiveCfg = Debug|Any CPU
		{178C2594-BEDF-459D-9979-7E9C3F462D60}.Debug|Any CPU.Build.0 = Debug|Any CPU
		{178C2594-BEDF-459D-9979-7E9C3F462D60}.Release|Any CPU.ActiveCfg = Release|Any CPU
		{178C2594-BEDF-459D-9979-7E9C3F462D60}.Release|Any CPU.Build.0 = Release|Any CPU
		{17B72AF0-CFC1-427F-B85E-1D030131D06E}.Debug|Any CPU.ActiveCfg = Debug|Any CPU
		{17B72AF0-CFC1-427F-B85E-1D030131D06E}.Debug|Any CPU.Build.0 = Debug|Any CPU
		{17B72AF0-CFC1-427F-B85E-1D030131D06E}.Release|Any CPU.ActiveCfg = Release|Any CPU
		{17B72AF0-CFC1-427F-B85E-1D030131D06E}.Release|Any CPU.Build.0 = Release|Any CPU
		{3644D808-0A7F-42E8-B15A-8B0ED4E3C7D8}.Debug|Any CPU.ActiveCfg = Debug|Any CPU
		{3644D808-0A7F-42E8-B15A-8B0ED4E3C7D8}.Debug|Any CPU.Build.0 = Debug|Any CPU
		{3644D808-0A7F-42E8-B15A-8B0ED4E3C7D8}.Release|Any CPU.ActiveCfg = Release|Any CPU
		{3644D808-0A7F-42E8-B15A-8B0ED4E3C7D8}.Release|Any CPU.Build.0 = Release|Any CPU
	EndGlobalSection
	GlobalSection(SolutionProperties) = preSolution
		HideSolutionNode = FALSE
	EndGlobalSection
	GlobalSection(ExtensibilityGlobals) = postSolution
		SolutionGuid = {2B807DDB-01C1-41D0-9F06-74657482A764}
	EndGlobalSection
EndGlobal
